
Microsoft Visual Studio Solution File, Format Version 12.00
# Visual Studio 14
VisualStudioVersion = 14.0.25420.1
MinimumVisualStudioVersion = 10.0.40219.1
Project("{FAE04EC0-301F-11D3-BF4B-00C04F79EFBC}") = "Clinic2018", "Clinic2018\Clinic2018.csproj", "{9D5A4AEB-A0B5-41DD-9B9A-B31E0B8E1F93}"
EndProject
Global
	GlobalSection(SolutionConfigurationPlatforms) = preSolution
		Debug|Any CPU = Debug|Any CPU
		Debug|x64 = Debug|x64
		Debug|x86 = Debug|x86
		L7|Any CPU = L7|Any CPU
		L7|x64 = L7|x64
		L7|x86 = L7|x86
		r1|Any CPU = r1|Any CPU
		r1|x64 = r1|x64
		r1|x86 = r1|x86
		r2|Any CPU = r2|Any CPU
		r2|x64 = r2|x64
		r2|x86 = r2|x86
		r3|Any CPU = r3|Any CPU
		r3|x64 = r3|x64
		r3|x86 = r3|x86
		r4|Any CPU = r4|Any CPU
		r4|x64 = r4|x64
		r4|x86 = r4|x86
		r5|Any CPU = r5|Any CPU
		r5|x64 = r5|x64
		r5|x86 = r5|x86
		r6|Any CPU = r6|Any CPU
		r6|x64 = r6|x64
		r6|x86 = r6|x86
		read11|Any CPU = read11|Any CPU
		read11|x64 = read11|x64
		read11|x86 = read11|x86
		Release|Any CPU = Release|Any CPU
		Release|x64 = Release|x64
		Release|x86 = Release|x86
		t111|Any CPU = t111|Any CPU
		t111|x64 = t111|x64
		t111|x86 = t111|x86
	EndGlobalSection
	GlobalSection(ProjectConfigurationPlatforms) = postSolution
		{9D5A4AEB-A0B5-41DD-9B9A-B31E0B8E1F93}.Debug|Any CPU.ActiveCfg = Debug|Any CPU
		{9D5A4AEB-A0B5-41DD-9B9A-B31E0B8E1F93}.Debug|Any CPU.Build.0 = Debug|Any CPU
		{9D5A4AEB-A0B5-41DD-9B9A-B31E0B8E1F93}.Debug|x64.ActiveCfg = Debug|x64
		{9D5A4AEB-A0B5-41DD-9B9A-B31E0B8E1F93}.Debug|x64.Build.0 = Debug|x64
		{9D5A4AEB-A0B5-41DD-9B9A-B31E0B8E1F93}.Debug|x86.ActiveCfg = Debug|x86
		{9D5A4AEB-A0B5-41DD-9B9A-B31E0B8E1F93}.Debug|x86.Build.0 = Debug|x86
		{9D5A4AEB-A0B5-41DD-9B9A-B31E0B8E1F93}.L7|Any CPU.ActiveCfg = L7|Any CPU
		{9D5A4AEB-A0B5-41DD-9B9A-B31E0B8E1F93}.L7|Any CPU.Build.0 = L7|Any CPU
		{9D5A4AEB-A0B5-41DD-9B9A-B31E0B8E1F93}.L7|x64.ActiveCfg = L7|x64
		{9D5A4AEB-A0B5-41DD-9B9A-B31E0B8E1F93}.L7|x64.Build.0 = L7|x64
		{9D5A4AEB-A0B5-41DD-9B9A-B31E0B8E1F93}.L7|x86.ActiveCfg = L7|Any CPU
		{9D5A4AEB-A0B5-41DD-9B9A-B31E0B8E1F93}.L7|x86.Build.0 = L7|Any CPU
		{9D5A4AEB-A0B5-41DD-9B9A-B31E0B8E1F93}.r1|Any CPU.ActiveCfg = r1|Any CPU
		{9D5A4AEB-A0B5-41DD-9B9A-B31E0B8E1F93}.r1|Any CPU.Build.0 = r1|Any CPU
		{9D5A4AEB-A0B5-41DD-9B9A-B31E0B8E1F93}.r1|x64.ActiveCfg = r1|x64
		{9D5A4AEB-A0B5-41DD-9B9A-B31E0B8E1F93}.r1|x64.Build.0 = r1|x64
		{9D5A4AEB-A0B5-41DD-9B9A-B31E0B8E1F93}.r1|x86.ActiveCfg = r1|x86
		{9D5A4AEB-A0B5-41DD-9B9A-B31E0B8E1F93}.r1|x86.Build.0 = r1|x86
		{9D5A4AEB-A0B5-41DD-9B9A-B31E0B8E1F93}.r2|Any CPU.ActiveCfg = r2|Any CPU
		{9D5A4AEB-A0B5-41DD-9B9A-B31E0B8E1F93}.r2|Any CPU.Build.0 = r2|Any CPU
		{9D5A4AEB-A0B5-41DD-9B9A-B31E0B8E1F93}.r2|x64.ActiveCfg = r2|Any CPU
		{9D5A4AEB-A0B5-41DD-9B9A-B31E0B8E1F93}.r2|x64.Build.0 = r2|Any CPU
		{9D5A4AEB-A0B5-41DD-9B9A-B31E0B8E1F93}.r2|x86.ActiveCfg = r2|x86
		{9D5A4AEB-A0B5-41DD-9B9A-B31E0B8E1F93}.r2|x86.Build.0 = r2|x86
		{9D5A4AEB-A0B5-41DD-9B9A-B31E0B8E1F93}.r3|Any CPU.ActiveCfg = r3|Any CPU
		{9D5A4AEB-A0B5-41DD-9B9A-B31E0B8E1F93}.r3|Any CPU.Build.0 = r3|Any CPU
		{9D5A4AEB-A0B5-41DD-9B9A-B31E0B8E1F93}.r3|x64.ActiveCfg = r3|x64
		{9D5A4AEB-A0B5-41DD-9B9A-B31E0B8E1F93}.r3|x64.Build.0 = r3|x64
		{9D5A4AEB-A0B5-41DD-9B9A-B31E0B8E1F93}.r3|x86.ActiveCfg = r3|x86
		{9D5A4AEB-A0B5-41DD-9B9A-B31E0B8E1F93}.r3|x86.Build.0 = r3|x86
		{9D5A4AEB-A0B5-41DD-9B9A-B31E0B8E1F93}.r4|Any CPU.ActiveCfg = r4|Any CPU
		{9D5A4AEB-A0B5-41DD-9B9A-B31E0B8E1F93}.r4|Any CPU.Build.0 = r4|Any CPU
		{9D5A4AEB-A0B5-41DD-9B9A-B31E0B8E1F93}.r4|x64.ActiveCfg = r4|x64
		{9D5A4AEB-A0B5-41DD-9B9A-B31E0B8E1F93}.r4|x64.Build.0 = r4|x64
		{9D5A4AEB-A0B5-41DD-9B9A-B31E0B8E1F93}.r4|x86.ActiveCfg = r4|x86
		{9D5A4AEB-A0B5-41DD-9B9A-B31E0B8E1F93}.r4|x86.Build.0 = r4|x86
		{9D5A4AEB-A0B5-41DD-9B9A-B31E0B8E1F93}.r5|Any CPU.ActiveCfg = r5|Any CPU
		{9D5A4AEB-A0B5-41DD-9B9A-B31E0B8E1F93}.r5|Any CPU.Build.0 = r5|Any CPU
		{9D5A4AEB-A0B5-41DD-9B9A-B31E0B8E1F93}.r5|x64.ActiveCfg = r5|x64
		{9D5A4AEB-A0B5-41DD-9B9A-B31E0B8E1F93}.r5|x64.Build.0 = r5|x64
		{9D5A4AEB-A0B5-41DD-9B9A-B31E0B8E1F93}.r5|x86.ActiveCfg = r5|x86
		{9D5A4AEB-A0B5-41DD-9B9A-B31E0B8E1F93}.r5|x86.Build.0 = r5|x86
		{9D5A4AEB-A0B5-41DD-9B9A-B31E0B8E1F93}.r6|Any CPU.ActiveCfg = r6|Any CPU
		{9D5A4AEB-A0B5-41DD-9B9A-B31E0B8E1F93}.r6|Any CPU.Build.0 = r6|Any CPU
		{9D5A4AEB-A0B5-41DD-9B9A-B31E0B8E1F93}.r6|x64.ActiveCfg = r6|x64
		{9D5A4AEB-A0B5-41DD-9B9A-B31E0B8E1F93}.r6|x64.Build.0 = r6|x64
		{9D5A4AEB-A0B5-41DD-9B9A-B31E0B8E1F93}.r6|x86.ActiveCfg = r6|x86
		{9D5A4AEB-A0B5-41DD-9B9A-B31E0B8E1F93}.r6|x86.Build.0 = r6|x86
		{9D5A4AEB-A0B5-41DD-9B9A-B31E0B8E1F93}.read11|Any CPU.ActiveCfg = read11|Any CPU
		{9D5A4AEB-A0B5-41DD-9B9A-B31E0B8E1F93}.read11|Any CPU.Build.0 = read11|Any CPU
		{9D5A4AEB-A0B5-41DD-9B9A-B31E0B8E1F93}.read11|x64.ActiveCfg = read11|x64
		{9D5A4AEB-A0B5-41DD-9B9A-B31E0B8E1F93}.read11|x64.Build.0 = read11|x64
		{9D5A4AEB-A0B5-41DD-9B9A-B31E0B8E1F93}.read11|x86.ActiveCfg = read11|x86
		{9D5A4AEB-A0B5-41DD-9B9A-B31E0B8E1F93}.read11|x86.Build.0 = read11|x86
		{9D5A4AEB-A0B5-41DD-9B9A-B31E0B8E1F93}.Release|Any CPU.ActiveCfg = Release|Any CPU
		{9D5A4AEB-A0B5-41DD-9B9A-B31E0B8E1F93}.Release|Any CPU.Build.0 = Release|Any CPU
		{9D5A4AEB-A0B5-41DD-9B9A-B31E0B8E1F93}.Release|x64.ActiveCfg = Release|x64
		{9D5A4AEB-A0B5-41DD-9B9A-B31E0B8E1F93}.Release|x64.Build.0 = Release|x64
		{9D5A4AEB-A0B5-41DD-9B9A-B31E0B8E1F93}.Release|x86.ActiveCfg = Release|x86
		{9D5A4AEB-A0B5-41DD-9B9A-B31E0B8E1F93}.Release|x86.Build.0 = Release|x86
		{9D5A4AEB-A0B5-41DD-9B9A-B31E0B8E1F93}.t111|Any CPU.ActiveCfg = t111|Any CPU
		{9D5A4AEB-A0B5-41DD-9B9A-B31E0B8E1F93}.t111|Any CPU.Build.0 = t111|Any CPU
		{9D5A4AEB-A0B5-41DD-9B9A-B31E0B8E1F93}.t111|x64.ActiveCfg = t111|x64
		{9D5A4AEB-A0B5-41DD-9B9A-B31E0B8E1F93}.t111|x64.Build.0 = t111|x64
		{9D5A4AEB-A0B5-41DD-9B9A-B31E0B8E1F93}.t111|x86.ActiveCfg = t111|x86
		{9D5A4AEB-A0B5-41DD-9B9A-B31E0B8E1F93}.t111|x86.Build.0 = t111|x86
	EndGlobalSection
	GlobalSection(SolutionProperties) = preSolution
		HideSolutionNode = FALSE
	EndGlobalSection
EndGlobal
